# This file is automatically @generated by Cargo.
# It is not intended for manual editing.
version = 4

[[package]]
name = "metewand-cli"
version = "0.1.0"
dependencies = [
 "metewand-core",
 "metewand-protocol",
 "metewand-runtime",
]

[[package]]
name = "metewand-core"
version = "0.1.0"

[[package]]
name = "metewand-protocol"
version = "0.1.0"

[[package]]
name = "metewand-runtime"
version = "0.1.0"
dependencies = [
 "metewand-core",
 "metewand-protocol",
]
